
Microsoft Visual Studio Solution File, Format Version 12.00
# Visual Studio 15
VisualStudioVersion = 15.0.28307.168
MinimumVisualStudioVersion = 10.0.40219.1
Project("{FAE04EC0-301F-11D3-BF4B-00C04F79EFBC}") = "SDAWebControl", "SDAWebControl\SDAWebControl.csproj", "{73B8BEFA-54C3-4AF8-8570-BF4F09C5672B}"
EndProject
Global
	GlobalSection(SolutionConfigurationPlatforms) = preSolution
		Debug|Any CPU = Debug|Any CPU
		Release|Any CPU = Release|Any CPU
	EndGlobalSection
	GlobalSection(ProjectConfigurationPlatforms) = postSolution
		{73B8BEFA-54C3-4AF8-8570-BF4F09C5672B}.Debug|Any CPU.ActiveCfg = Debug|Any CPU
		{73B8BEFA-54C3-4AF8-8570-BF4F09C5672B}.Debug|Any CPU.Build.0 = Debug|Any CPU
		{73B8BEFA-54C3-4AF8-8570-BF4F09C5672B}.Release|Any CPU.ActiveCfg = Release|Any CPU
		{73B8BEFA-54C3-4AF8-8570-BF4F09C5672B}.Release|Any CPU.Build.0 = Release|Any CPU
	EndGlobalSection
	GlobalSection(SolutionProperties) = preSolution
		HideSolutionNode = FALSE
	EndGlobalSection
	GlobalSection(ExtensibilityGlobals) = postSolution
		SolutionGuid = {7A45454E-4386-4ED0-9AF6-B9DC1AB1DFDA}
	EndGlobalSection
EndGlobal
